PODS:
  - FMDB (2.7.5):
    - FMDB/standard (= 2.7.5)
  - FMDB/standard (2.7.5)

DEPENDENCIES:
  - FMDB (~> 2.7)

SPEC REPOS:
  https://github.com/cocoapods/specs.git:
    - FMDB

SPEC CHECKSUMS:
  FMDB: 2ce00b547f966261cd18927a3ddb07cb6f3db82a

PODFILE CHECKSUM: e5c10bad793df54638bf82efb7930094facad555

COCOAPODS: 1.5.3
